// !$*UTF8*$!
{
	archiveVersion = 1;
	classes = {
	};
	objectVersion = 50;
	objects = {

/* Begin PBXBuildFile section */
		2D0C82D32517EA5E00EB76AD /* libglfw3.a in Frameworks */ = {isa = PBXBuildFile; fileRef = 2D0C82D22517EA5E00EB76AD /* libglfw3.a */; };
		2D0C82D52517EA7700EB76AD /* libclip.a in Frameworks */ = {isa = PBXBuildFile; fileRef = 2D0C82D42517EA7700EB76AD /* libclip.a */; };
		2D0C82F02517EB1200EB76AD /* Cocoa.framework in Frameworks */ = {isa = PBXBuildFile; fileRef = 2D0C82EF2517EB1200EB76AD /* Cocoa.framework */; };
		2D0C82F22517EB1600EB76AD /* OpenGL.framework in Frameworks */ = {isa = PBXBuildFile; fileRef = 2D0C82F12517EB1600EB76AD /* OpenGL.framework */; };
		2D0C82F52517EB1E00EB76AD /* IOKit.framework in Frameworks */ = {isa = PBXBuildFile; fileRef = 2D0C82F42517EB1E00EB76AD /* IOKit.framework */; };
		2D0C82F72517EB2700EB76AD /* AppKit.framework in Frameworks */ = {isa = PBXBuildFile; fileRef = 2D0C82F62517EB2700EB76AD /* AppKit.framework */; };
		2D0C83022517EB9D00EB76AD /* libDalton.dylib in Frameworks */ = {isa = PBXBuildFile; fileRef = 2D0C83012517EB9D00EB76AD /* libDalton.dylib */; };
		2D0C831C2517EE8600EB76AD /* libDalton.dylib in CopyFiles */ = {isa = PBXBuildFile; fileRef = 2D0C83012517EB9D00EB76AD /* libDalton.dylib */; settings = {ATTRIBUTES = (CodeSignOnCopy, ); }; };
		2D0C83382517F7CA00EB76AD /* DaltonViewerLib.cpp in Sources */ = {isa = PBXBuildFile; fileRef = 2D0C832F2517F48B00EB76AD /* DaltonViewerLib.cpp */; };
		2D0C833A2517F7CE00EB76AD /* main.cpp in Sources */ = {isa = PBXBuildFile; fileRef = 2D0C82C42517E91800EB76AD /* main.cpp */; };
		2D0C833C2517F7F900EB76AD /* libDaltonViewerLib.a in Frameworks */ = {isa = PBXBuildFile; fileRef = 2D0C83212517F45900EB76AD /* libDaltonViewerLib.a */; };
		2D0C838C2517FADB00EB76AD /* DaltonViewerLib_macOS.h in Headers */ = {isa = PBXBuildFile; fileRef = 2D0C838A2517FADB00EB76AD /* DaltonViewerLib_macOS.h */; };
		2D0C838D2517FADB00EB76AD /* DaltonViewerLib_macOS.mm in Sources */ = {isa = PBXBuildFile; fileRef = 2D0C838B2517FADB00EB76AD /* DaltonViewerLib_macOS.mm */; };
		2D0C83A32517FDF400EB76AD /* imgui_widgets.cpp in Sources */ = {isa = PBXBuildFile; fileRef = 2D0C82D92517EA9700EB76AD /* imgui_widgets.cpp */; };
		2D0C83A42517FDF400EB76AD /* imgui.cpp in Sources */ = {isa = PBXBuildFile; fileRef = 2D0C82DB2517EA9700EB76AD /* imgui.cpp */; };
		2D0C83A52517FDF400EB76AD /* imgui_impl_opengl3.cpp in Sources */ = {isa = PBXBuildFile; fileRef = 2D0C82E82517EABE00EB76AD /* imgui_impl_opengl3.cpp */; };
		2D0C83A62517FDF400EB76AD /* imgui_impl_glfw.cpp in Sources */ = {isa = PBXBuildFile; fileRef = 2D0C82E92517EABE00EB76AD /* imgui_impl_glfw.cpp */; };
		2D0C83A72517FDF400EB76AD /* imgui_draw.cpp in Sources */ = {isa = PBXBuildFile; fileRef = 2D0C82DD2517EA9700EB76AD /* imgui_draw.cpp */; };
		2D0C83AA2517FDFB00EB76AD /* gl3w.c in Sources */ = {isa = PBXBuildFile; fileRef = 2D0C82FA2517EB6F00EB76AD /* gl3w.c */; };
/* End PBXBuildFile section */

/* Begin PBXCopyFilesBuildPhase section */
		2D0C831B2517EE7C00EB76AD /* CopyFiles */ = {
			isa = PBXCopyFilesBuildPhase;
			buildActionMask = 2147483647;
			dstPath = "";
			dstSubfolderSpec = 10;
			files = (
				2D0C831C2517EE8600EB76AD /* libDalton.dylib in CopyFiles */,
			);
			runOnlyForDeploymentPostprocessing = 0;
		};
/* End PBXCopyFilesBuildPhase section */

/* Begin PBXFileReference section */
		2D0C82A52517E8D700EB76AD /* DaltonViewer.app */ = {isa = PBXFileReference; explicitFileType = wrapper.application; includeInIndex = 0; path = DaltonViewer.app; sourceTree = BUILT_PRODUCTS_DIR; };
		2D0C82B02517E8D800EB76AD /* Info.plist */ = {isa = PBXFileReference; lastKnownFileType = text.plist.xml; path = Info.plist; sourceTree = "<group>"; };
		2D0C82B32517E8D800EB76AD /* DaltonViewer.entitlements */ = {isa = PBXFileReference; lastKnownFileType = text.plist.entitlements; path = DaltonViewer.entitlements; sourceTree = "<group>"; };
		2D0C82C42517E91800EB76AD /* main.cpp */ = {isa = PBXFileReference; fileEncoding = 4; lastKnownFileType = sourcecode.cpp.cpp; path = main.cpp; sourceTree = SOURCE_ROOT; };
		2D0C82D22517EA5E00EB76AD /* libglfw3.a */ = {isa = PBXFileReference; explicitFileType = "compiled.mach-o.objfile"; name = libglfw3.a; path = ../build/glfw/lib/libglfw3.a; sourceTree = "<group>"; };
		2D0C82D42517EA7700EB76AD /* libclip.a */ = {isa = PBXFileReference; explicitFileType = "compiled.mach-o.objfile"; name = libclip.a; path = ../build/clip/lib/libclip.a; sourceTree = "<group>"; };
		2D0C82D62517EA9700EB76AD /* imgui_demo.cpp */ = {isa = PBXFileReference; fileEncoding = 4; lastKnownFileType = sourcecode.cpp.cpp; name = imgui_demo.cpp; path = ../deps/imgui/imgui_demo.cpp; sourceTree = "<group>"; };
		2D0C82D72517EA9700EB76AD /* imconfig.h */ = {isa = PBXFileReference; fileEncoding = 4; lastKnownFileType = sourcecode.c.h; name = imconfig.h; path = ../deps/imgui/imconfig.h; sourceTree = "<group>"; };
		2D0C82D82517EA9700EB76AD /* imstb_rectpack.h */ = {isa = PBXFileReference; fileEncoding = 4; lastKnownFileType = sourcecode.c.h; name = imstb_rectpack.h; path = ../deps/imgui/imstb_rectpack.h; sourceTree = "<group>"; };
		2D0C82D92517EA9700EB76AD /* imgui_widgets.cpp */ = {isa = PBXFileReference; fileEncoding = 4; lastKnownFileType = sourcecode.cpp.cpp; name = imgui_widgets.cpp; path = ../deps/imgui/imgui_widgets.cpp; sourceTree = "<group>"; };
		2D0C82DA2517EA9700EB76AD /* imgui.h */ = {isa = PBXFileReference; fileEncoding = 4; lastKnownFileType = sourcecode.c.h; name = imgui.h; path = ../deps/imgui/imgui.h; sourceTree = "<group>"; };
		2D0C82DB2517EA9700EB76AD /* imgui.cpp */ = {isa = PBXFileReference; fileEncoding = 4; lastKnownFileType = sourcecode.cpp.cpp; name = imgui.cpp; path = ../deps/imgui/imgui.cpp; sourceTree = "<group>"; };
		2D0C82DC2517EA9700EB76AD /* imstb_truetype.h */ = {isa = PBXFileReference; fileEncoding = 4; lastKnownFileType = sourcecode.c.h; name = imstb_truetype.h; path = ../deps/imgui/imstb_truetype.h; sourceTree = "<group>"; };
		2D0C82DD2517EA9700EB76AD /* imgui_draw.cpp */ = {isa = PBXFileReference; fileEncoding = 4; lastKnownFileType = sourcecode.cpp.cpp; name = imgui_draw.cpp; path = ../deps/imgui/imgui_draw.cpp; sourceTree = "<group>"; };
		2D0C82DE2517EA9700EB76AD /* imgui_internal.h */ = {isa = PBXFileReference; fileEncoding = 4; lastKnownFileType = sourcecode.c.h; name = imgui_internal.h; path = ../deps/imgui/imgui_internal.h; sourceTree = "<group>"; };
		2D0C82DF2517EA9700EB76AD /* imstb_textedit.h */ = {isa = PBXFileReference; fileEncoding = 4; lastKnownFileType = sourcecode.c.h; name = imstb_textedit.h; path = ../deps/imgui/imstb_textedit.h; sourceTree = "<group>"; };
		2D0C82E62517EABE00EB76AD /* imgui_impl_opengl3.h */ = {isa = PBXFileReference; fileEncoding = 4; lastKnownFileType = sourcecode.c.h; name = imgui_impl_opengl3.h; path = ../deps/imgui/examples/imgui_impl_opengl3.h; sourceTree = "<group>"; };
		2D0C82E72517EABE00EB76AD /* imgui_impl_glfw.h */ = {isa = PBXFileReference; fileEncoding = 4; lastKnownFileType = sourcecode.c.h; name = imgui_impl_glfw.h; path = ../deps/imgui/examples/imgui_impl_glfw.h; sourceTree = "<group>"; };
		2D0C82E82517EABE00EB76AD /* imgui_impl_opengl3.cpp */ = {isa = PBXFileReference; fileEncoding = 4; lastKnownFileType = sourcecode.cpp.cpp; name = imgui_impl_opengl3.cpp; path = ../deps/imgui/examples/imgui_impl_opengl3.cpp; sourceTree = "<group>"; };
		2D0C82E92517EABE00EB76AD /* imgui_impl_glfw.cpp */ = {isa = PBXFileReference; fileEncoding = 4; lastKnownFileType = sourcecode.cpp.cpp; name = imgui_impl_glfw.cpp; path = ../deps/imgui/examples/imgui_impl_glfw.cpp; sourceTree = "<group>"; };
		2D0C82EF2517EB1200EB76AD /* Cocoa.framework */ = {isa = PBXFileReference; lastKnownFileType = wrapper.framework; name = Cocoa.framework; path = System/Library/Frameworks/Cocoa.framework; sourceTree = SDKROOT; };
		2D0C82F12517EB1600EB76AD /* OpenGL.framework */ = {isa = PBXFileReference; lastKnownFileType = wrapper.framework; name = OpenGL.framework; path = System/Library/Frameworks/OpenGL.framework; sourceTree = SDKROOT; };
		2D0C82F42517EB1E00EB76AD /* IOKit.framework */ = {isa = PBXFileReference; lastKnownFileType = wrapper.framework; name = IOKit.framework; path = System/Library/Frameworks/IOKit.framework; sourceTree = SDKROOT; };
		2D0C82F62517EB2700EB76AD /* AppKit.framework */ = {isa = PBXFileReference; lastKnownFileType = wrapper.framework; name = AppKit.framework; path = System/Library/Frameworks/AppKit.framework; sourceTree = SDKROOT; };
		2D0C82FA2517EB6F00EB76AD /* gl3w.c */ = {isa = PBXFileReference; fileEncoding = 4; lastKnownFileType = sourcecode.c.c; name = gl3w.c; path = ../deps/imgui/examples/libs/gl3w/GL/gl3w.c; sourceTree = "<group>"; };
		2D0C82FB2517EB6F00EB76AD /* gl3w.h */ = {isa = PBXFileReference; fileEncoding = 4; lastKnownFileType = sourcecode.c.h; name = gl3w.h; path = ../deps/imgui/examples/libs/gl3w/GL/gl3w.h; sourceTree = "<group>"; };
		2D0C82FC2517EB7000EB76AD /* glcorearb.h */ = {isa = PBXFileReference; fileEncoding = 4; lastKnownFileType = sourcecode.c.h; name = glcorearb.h; path = ../deps/imgui/examples/libs/gl3w/GL/glcorearb.h; sourceTree = "<group>"; };
		2D0C83012517EB9D00EB76AD /* libDalton.dylib */ = {isa = PBXFileReference; explicitFileType = "compiled.mach-o.dylib"; path = libDalton.dylib; sourceTree = BUILT_PRODUCTS_DIR; };
		2D0C83212517F45900EB76AD /* libDaltonViewerLib.a */ = {isa = PBXFileReference; explicitFileType = archive.ar; includeInIndex = 0; path = libDaltonViewerLib.a; sourceTree = BUILT_PRODUCTS_DIR; };
		2D0C832E2517F48A00EB76AD /* DaltonViewerLib.h */ = {isa = PBXFileReference; fileEncoding = 4; lastKnownFileType = sourcecode.c.h; path = DaltonViewerLib.h; sourceTree = SOURCE_ROOT; };
		2D0C832F2517F48B00EB76AD /* DaltonViewerLib.cpp */ = {isa = PBXFileReference; fileEncoding = 4; lastKnownFileType = sourcecode.cpp.cpp; path = DaltonViewerLib.cpp; sourceTree = SOURCE_ROOT; };
		2D0C833E2517F86C00EB76AD /* DaltonViewer.xcconfig */ = {isa = PBXFileReference; lastKnownFileType = text.xcconfig; path = DaltonViewer.xcconfig; sourceTree = SOURCE_ROOT; };
		2D0C838A2517FADB00EB76AD /* DaltonViewerLib_macOS.h */ = {isa = PBXFileReference; fileEncoding = 4; lastKnownFileType = sourcecode.c.h; name = DaltonViewerLib_macOS.h; path = ../DaltonViewerLib_macOS.h; sourceTree = "<group>"; };
		2D0C838B2517FADB00EB76AD /* DaltonViewerLib_macOS.mm */ = {isa = PBXFileReference; fileEncoding = 4; lastKnownFileType = sourcecode.cpp.objcpp; name = DaltonViewerLib_macOS.mm; path = ../DaltonViewerLib_macOS.mm; sourceTree = "<group>"; };
/* End PBXFileReference section */

/* Begin PBXFrameworksBuildPhase section */
		2D0C82A22517E8D700EB76AD /* Frameworks */ = {
			isa = PBXFrameworksBuildPhase;
			buildActionMask = 2147483647;
			files = (
				2D0C833C2517F7F900EB76AD /* libDaltonViewerLib.a in Frameworks */,
				2D0C83022517EB9D00EB76AD /* libDalton.dylib in Frameworks */,
				2D0C82D52517EA7700EB76AD /* libclip.a in Frameworks */,
				2D0C82F22517EB1600EB76AD /* OpenGL.framework in Frameworks */,
				2D0C82D32517EA5E00EB76AD /* libglfw3.a in Frameworks */,
				2D0C82F72517EB2700EB76AD /* AppKit.framework in Frameworks */,
				2D0C82F52517EB1E00EB76AD /* IOKit.framework in Frameworks */,
				2D0C82F02517EB1200EB76AD /* Cocoa.framework in Frameworks */,
			);
			runOnlyForDeploymentPostprocessing = 0;
		};
		2D0C831F2517F45900EB76AD /* Frameworks */ = {
			isa = PBXFrameworksBuildPhase;
			buildActionMask = 2147483647;
			files = (
			);
			runOnlyForDeploymentPostprocessing = 0;
		};
/* End PBXFrameworksBuildPhase section */

/* Begin PBXGroup section */
		2D0C829C2517E8D700EB76AD = {
			isa = PBXGroup;
			children = (
				2D0C82FF2517EB7500EB76AD /* gl3w */,
				2D0C82E52517EA9C00EB76AD /* imgui */,
				2D0C82A72517E8D700EB76AD /* DaltonViewer */,
				2D0C82A62517E8D700EB76AD /* Products */,
				2D0C82D12517EA5E00EB76AD /* Frameworks */,
			);
			sourceTree = "<group>";
		};
		2D0C82A62517E8D700EB76AD /* Products */ = {
			isa = PBXGroup;
			children = (
				2D0C82A52517E8D700EB76AD /* DaltonViewer.app */,
				2D0C83212517F45900EB76AD /* libDaltonViewerLib.a */,
			);
			name = Products;
			sourceTree = "<group>";
		};
		2D0C82A72517E8D700EB76AD /* DaltonViewer */ = {
			isa = PBXGroup;
			children = (
				2D0C833E2517F86C00EB76AD /* DaltonViewer.xcconfig */,
				2D0C82C42517E91800EB76AD /* main.cpp */,
				2D0C82B02517E8D800EB76AD /* Info.plist */,
				2D0C82B32517E8D800EB76AD /* DaltonViewer.entitlements */,
				2D0C838A2517FADB00EB76AD /* DaltonViewerLib_macOS.h */,
				2D0C838B2517FADB00EB76AD /* DaltonViewerLib_macOS.mm */,
				2D0C832F2517F48B00EB76AD /* DaltonViewerLib.cpp */,
				2D0C832E2517F48A00EB76AD /* DaltonViewerLib.h */,
			);
			path = DaltonViewer;
			sourceTree = "<group>";
		};
		2D0C82D12517EA5E00EB76AD /* Frameworks */ = {
			isa = PBXGroup;
			children = (
				2D0C83012517EB9D00EB76AD /* libDalton.dylib */,
				2D0C82F62517EB2700EB76AD /* AppKit.framework */,
				2D0C82F42517EB1E00EB76AD /* IOKit.framework */,
				2D0C82F12517EB1600EB76AD /* OpenGL.framework */,
				2D0C82EF2517EB1200EB76AD /* Cocoa.framework */,
				2D0C82D42517EA7700EB76AD /* libclip.a */,
				2D0C82D22517EA5E00EB76AD /* libglfw3.a */,
			);
			name = Frameworks;
			sourceTree = "<group>";
		};
		2D0C82E52517EA9C00EB76AD /* imgui */ = {
			isa = PBXGroup;
			children = (
				2D0C82E92517EABE00EB76AD /* imgui_impl_glfw.cpp */,
				2D0C82E72517EABE00EB76AD /* imgui_impl_glfw.h */,
				2D0C82E82517EABE00EB76AD /* imgui_impl_opengl3.cpp */,
				2D0C82E62517EABE00EB76AD /* imgui_impl_opengl3.h */,
				2D0C82D72517EA9700EB76AD /* imconfig.h */,
				2D0C82D62517EA9700EB76AD /* imgui_demo.cpp */,
				2D0C82DD2517EA9700EB76AD /* imgui_draw.cpp */,
				2D0C82DE2517EA9700EB76AD /* imgui_internal.h */,
				2D0C82D92517EA9700EB76AD /* imgui_widgets.cpp */,
				2D0C82DB2517EA9700EB76AD /* imgui.cpp */,
				2D0C82DA2517EA9700EB76AD /* imgui.h */,
				2D0C82D82517EA9700EB76AD /* imstb_rectpack.h */,
				2D0C82DF2517EA9700EB76AD /* imstb_textedit.h */,
				2D0C82DC2517EA9700EB76AD /* imstb_truetype.h */,
			);
			name = imgui;
			sourceTree = "<group>";
		};
		2D0C82FF2517EB7500EB76AD /* gl3w */ = {
			isa = PBXGroup;
			children = (
				2D0C82FA2517EB6F00EB76AD /* gl3w.c */,
				2D0C82FB2517EB6F00EB76AD /* gl3w.h */,
				2D0C82FC2517EB7000EB76AD /* glcorearb.h */,
			);
			name = gl3w;
			sourceTree = "<group>";
		};
/* End PBXGroup section */

/* Begin PBXHeadersBuildPhase section */
		2D0C831D2517F45900EB76AD /* Headers */ = {
			isa = PBXHeadersBuildPhase;
			buildActionMask = 2147483647;
			files = (
				2D0C838C2517FADB00EB76AD /* DaltonViewerLib_macOS.h in Headers */,
			);
			runOnlyForDeploymentPostprocessing = 0;
		};
/* End PBXHeadersBuildPhase section */

/* Begin PBXNativeTarget section */
		2D0C82A42517E8D700EB76AD /* DaltonViewer */ = {
			isa = PBXNativeTarget;
			buildConfigurationList = 2D0C82B62517E8D800EB76AD /* Build configuration list for PBXNativeTarget "DaltonViewer" */;
			buildPhases = (
				2D0C82A12517E8D700EB76AD /* Sources */,
				2D0C82A22517E8D700EB76AD /* Frameworks */,
				2D0C82A32517E8D700EB76AD /* Resources */,
				2D0C831B2517EE7C00EB76AD /* CopyFiles */,
			);
			buildRules = (
			);
			dependencies = (
			);
			name = DaltonViewer;
			productName = DaltonViewer;
			productReference = 2D0C82A52517E8D700EB76AD /* DaltonViewer.app */;
			productType = "com.apple.product-type.application";
		};
		2D0C83202517F45900EB76AD /* DaltonViewerLib */ = {
			isa = PBXNativeTarget;
			buildConfigurationList = 2D0C83292517F45900EB76AD /* Build configuration list for PBXNativeTarget "DaltonViewerLib" */;
			buildPhases = (
				2D0C831D2517F45900EB76AD /* Headers */,
				2D0C831E2517F45900EB76AD /* Sources */,
				2D0C831F2517F45900EB76AD /* Frameworks */,
			);
			buildRules = (
			);
			dependencies = (
			);
			name = DaltonViewerLib;
			productName = DaltonViewerLib;
			productReference = 2D0C83212517F45900EB76AD /* libDaltonViewerLib.a */;
			productType = "com.apple.product-type.library.static";
		};
/* End PBXNativeTarget section */

/* Begin PBXProject section */
		2D0C829D2517E8D700EB76AD /* Project object */ = {
			isa = PBXProject;
			attributes = {
				LastUpgradeCheck = 1200;
				TargetAttributes = {
					2D0C82A42517E8D700EB76AD = {
						CreatedOnToolsVersion = 12.0;
					};
					2D0C83202517F45900EB76AD = {
						CreatedOnToolsVersion = 12.0;
					};
				};
			};
			buildConfigurationList = 2D0C82A02517E8D700EB76AD /* Build configuration list for PBXProject "DaltonViewer" */;
			compatibilityVersion = "Xcode 9.3";
			developmentRegion = en;
			hasScannedForEncodings = 0;
			knownRegions = (
				en,
				Base,
			);
			mainGroup = 2D0C829C2517E8D700EB76AD;
			productRefGroup = 2D0C82A62517E8D700EB76AD /* Products */;
			projectDirPath = "";
			projectRoot = "";
			targets = (
				2D0C82A42517E8D700EB76AD /* DaltonViewer */,
				2D0C83202517F45900EB76AD /* DaltonViewerLib */,
			);
		};
/* End PBXProject section */

/* Begin PBXResourcesBuildPhase section */
		2D0C82A32517E8D700EB76AD /* Resources */ = {
			isa = PBXResourcesBuildPhase;
			buildActionMask = 2147483647;
			files = (
			);
			runOnlyForDeploymentPostprocessing = 0;
		};
/* End PBXResourcesBuildPhase section */

/* Begin PBXSourcesBuildPhase section */
		2D0C82A12517E8D700EB76AD /* Sources */ = {
			isa = PBXSourcesBuildPhase;
			buildActionMask = 2147483647;
			files = (
				2D0C833A2517F7CE00EB76AD /* main.cpp in Sources */,
			);
			runOnlyForDeploymentPostprocessing = 0;
		};
		2D0C831E2517F45900EB76AD /* Sources */ = {
			isa = PBXSourcesBuildPhase;
			buildActionMask = 2147483647;
			files = (
				2D0C83382517F7CA00EB76AD /* DaltonViewerLib.cpp in Sources */,
				2D0C83A72517FDF400EB76AD /* imgui_draw.cpp in Sources */,
				2D0C83A42517FDF400EB76AD /* imgui.cpp in Sources */,
				2D0C83A52517FDF400EB76AD /* imgui_impl_opengl3.cpp in Sources */,
				2D0C83AA2517FDFB00EB76AD /* gl3w.c in Sources */,
				2D0C83A32517FDF400EB76AD /* imgui_widgets.cpp in Sources */,
				2D0C838D2517FADB00EB76AD /* DaltonViewerLib_macOS.mm in Sources */,
				2D0C83A62517FDF400EB76AD /* imgui_impl_glfw.cpp in Sources */,
			);
			runOnlyForDeploymentPostprocessing = 0;
		};
/* End PBXSourcesBuildPhase section */

/* Begin XCBuildConfiguration section */
		2D0C82B42517E8D800EB76AD /* Debug */ = {
			isa = XCBuildConfiguration;
			baseConfigurationReference = 2D0C833E2517F86C00EB76AD /* DaltonViewer.xcconfig */;
			buildSettings = {
				ALWAYS_SEARCH_USER_PATHS = NO;
				CLANG_ANALYZER_NONNULL = YES;
				CLANG_ANALYZER_NUMBER_OBJECT_CONVERSION = YES_AGGRESSIVE;
				CLANG_CXX_LANGUAGE_STANDARD = "gnu++17";
				CLANG_CXX_LIBRARY = "libc++";
				CLANG_ENABLE_MODULES = YES;
				CLANG_ENABLE_OBJC_ARC = YES;
				CLANG_ENABLE_OBJC_WEAK = YES;
				CLANG_WARN_BLOCK_CAPTURE_AUTORELEASING = YES;
				CLANG_WARN_BOOL_CONVERSION = YES;
				CLANG_WARN_COMMA = YES;
				CLANG_WARN_CONSTANT_CONVERSION = YES;
				CLANG_WARN_DEPRECATED_OBJC_IMPLEMENTATIONS = YES;
				CLANG_WARN_DIRECT_OBJC_ISA_USAGE = YES_ERROR;
				CLANG_WARN_DOCUMENTATION_COMMENTS = YES;
				CLANG_WARN_EMPTY_BODY = YES;
				CLANG_WARN_ENUM_CONVERSION = YES;
				CLANG_WARN_INFINITE_RECURSION = YES;
				CLANG_WARN_INT_CONVERSION = YES;
				CLANG_WARN_NON_LITERAL_NULL_CONVERSION = YES;
				CLANG_WARN_OBJC_IMPLICIT_RETAIN_SELF = YES;
				CLANG_WARN_OBJC_LITERAL_CONVERSION = YES;
				CLANG_WARN_OBJC_ROOT_CLASS = YES_ERROR;
				CLANG_WARN_QUOTED_INCLUDE_IN_FRAMEWORK_HEADER = YES;
				CLANG_WARN_RANGE_LOOP_ANALYSIS = YES;
				CLANG_WARN_STRICT_PROTOTYPES = YES;
				CLANG_WARN_SUSPICIOUS_MOVE = YES;
				CLANG_WARN_UNGUARDED_AVAILABILITY = YES_AGGRESSIVE;
				CLANG_WARN_UNREACHABLE_CODE = YES;
				CLANG_WARN__DUPLICATE_METHOD_MATCH = YES;
				COPY_PHASE_STRIP = NO;
				DEBUG_INFORMATION_FORMAT = dwarf;
				ENABLE_STRICT_OBJC_MSGSEND = YES;
				ENABLE_TESTABILITY = YES;
				GCC_C_LANGUAGE_STANDARD = gnu11;
				GCC_DYNAMIC_NO_PIC = NO;
				GCC_NO_COMMON_BLOCKS = YES;
				GCC_OPTIMIZATION_LEVEL = 0;
				GCC_PREPROCESSOR_DEFINITIONS = (
					"DEBUG=1",
					"$(inherited)",
				);
				GCC_WARN_64_TO_32_BIT_CONVERSION = YES;
				GCC_WARN_ABOUT_RETURN_TYPE = YES_ERROR;
				GCC_WARN_UNDECLARED_SELECTOR = YES;
				GCC_WARN_UNINITIALIZED_AUTOS = YES_AGGRESSIVE;
				GCC_WARN_UNUSED_FUNCTION = YES;
				GCC_WARN_UNUSED_VARIABLE = YES;
				MACOSX_DEPLOYMENT_TARGET = 10.15;
				MTL_ENABLE_DEBUG_INFO = INCLUDE_SOURCE;
				MTL_FAST_MATH = YES;
				ONLY_ACTIVE_ARCH = YES;
				SDKROOT = macosx;
			};
			name = Debug;
		};
		2D0C82B52517E8D800EB76AD /* Release */ = {
			isa = XCBuildConfiguration;
			baseConfigurationReference = 2D0C833E2517F86C00EB76AD /* DaltonViewer.xcconfig */;
			buildSettings = {
				ALWAYS_SEARCH_USER_PATHS = NO;
				CLANG_ANALYZER_NONNULL = YES;
				CLANG_ANALYZER_NUMBER_OBJECT_CONVERSION = YES_AGGRESSIVE;
				CLANG_CXX_LANGUAGE_STANDARD = "gnu++17";
				CLANG_CXX_LIBRARY = "libc++";
				CLANG_ENABLE_MODULES = YES;
				CLANG_ENABLE_OBJC_ARC = YES;
				CLANG_ENABLE_OBJC_WEAK = YES;
				CLANG_WARN_BLOCK_CAPTURE_AUTORELEASING = YES;
				CLANG_WARN_BOOL_CONVERSION = YES;
				CLANG_WARN_COMMA = YES;
				CLANG_WARN_CONSTANT_CONVERSION = YES;
				CLANG_WARN_DEPRECATED_OBJC_IMPLEMENTATIONS = YES;
				CLANG_WARN_DIRECT_OBJC_ISA_USAGE = YES_ERROR;
				CLANG_WARN_DOCUMENTATION_COMMENTS = YES;
				CLANG_WARN_EMPTY_BODY = YES;
				CLANG_WARN_ENUM_CONVERSION = YES;
				CLANG_WARN_INFINITE_RECURSION = YES;
				CLANG_WARN_INT_CONVERSION = YES;
				CLANG_WARN_NON_LITERAL_NULL_CONVERSION = YES;
				CLANG_WARN_OBJC_IMPLICIT_RETAIN_SELF = YES;
				CLANG_WARN_OBJC_LITERAL_CONVERSION = YES;
				CLANG_WARN_OBJC_ROOT_CLASS = YES_ERROR;
				CLANG_WARN_QUOTED_INCLUDE_IN_FRAMEWORK_HEADER = YES;
				CLANG_WARN_RANGE_LOOP_ANALYSIS = YES;
				CLANG_WARN_STRICT_PROTOTYPES = YES;
				CLANG_WARN_SUSPICIOUS_MOVE = YES;
				CLANG_WARN_UNGUARDED_AVAILABILITY = YES_AGGRESSIVE;
				CLANG_WARN_UNREACHABLE_CODE = YES;
				CLANG_WARN__DUPLICATE_METHOD_MATCH = YES;
				COPY_PHASE_STRIP = NO;
				DEBUG_INFORMATION_FORMAT = "dwarf-with-dsym";
				ENABLE_NS_ASSERTIONS = NO;
				ENABLE_STRICT_OBJC_MSGSEND = YES;
				GCC_C_LANGUAGE_STANDARD = gnu11;
				GCC_NO_COMMON_BLOCKS = YES;
				GCC_WARN_64_TO_32_BIT_CONVERSION = YES;
				GCC_WARN_ABOUT_RETURN_TYPE = YES_ERROR;
				GCC_WARN_UNDECLARED_SELECTOR = YES;
				GCC_WARN_UNINITIALIZED_AUTOS = YES_AGGRESSIVE;
				GCC_WARN_UNUSED_FUNCTION = YES;
				GCC_WARN_UNUSED_VARIABLE = YES;
				MACOSX_DEPLOYMENT_TARGET = 10.15;
				MTL_ENABLE_DEBUG_INFO = NO;
				MTL_FAST_MATH = YES;
				SDKROOT = macosx;
			};
			name = Release;
		};
		2D0C82B72517E8D800EB76AD /* Debug */ = {
			isa = XCBuildConfiguration;
			buildSettings = {
				ASSETCATALOG_COMPILER_APPICON_NAME = AppIcon;
				ASSETCATALOG_COMPILER_GLOBAL_ACCENT_COLOR_NAME = AccentColor;
				CODE_SIGN_ENTITLEMENTS = DaltonViewer/DaltonViewer.entitlements;
				CODE_SIGN_STYLE = Automatic;
				COMBINE_HIDPI_IMAGES = YES;
				DEVELOPMENT_TEAM = 68TMSR28JT;
				ENABLE_HARDENED_RUNTIME = YES;
				INFOPLIST_FILE = DaltonViewer/Info.plist;
				LD_RUNPATH_SEARCH_PATHS = (
					"$(inherited)",
					"@executable_path/../Frameworks",
				);
				PRODUCT_BUNDLE_IDENTIFIER = org.daltonLens.DaltonViewer;
				PRODUCT_NAME = "$(TARGET_NAME)";
			};
			name = Debug;
		};
		2D0C82B82517E8D800EB76AD /* Release */ = {
			isa = XCBuildConfiguration;
			buildSettings = {
				ASSETCATALOG_COMPILER_APPICON_NAME = AppIcon;
				ASSETCATALOG_COMPILER_GLOBAL_ACCENT_COLOR_NAME = AccentColor;
				CODE_SIGN_ENTITLEMENTS = DaltonViewer/DaltonViewer.entitlements;
				CODE_SIGN_STYLE = Automatic;
				COMBINE_HIDPI_IMAGES = YES;
				DEVELOPMENT_TEAM = 68TMSR28JT;
				ENABLE_HARDENED_RUNTIME = YES;
				INFOPLIST_FILE = DaltonViewer/Info.plist;
				LD_RUNPATH_SEARCH_PATHS = (
					"$(inherited)",
					"@executable_path/../Frameworks",
				);
				PRODUCT_BUNDLE_IDENTIFIER = org.daltonLens.DaltonViewer;
				PRODUCT_NAME = "$(TARGET_NAME)";
			};
			name = Release;
		};
		2D0C832A2517F45900EB76AD /* Debug */ = {
			isa = XCBuildConfiguration;
			buildSettings = {
				CODE_SIGN_STYLE = Automatic;
				DEVELOPMENT_TEAM = 68TMSR28JT;
				EXECUTABLE_PREFIX = lib;
				GCC_ENABLE_CPP_EXCEPTIONS = YES;
				GCC_ENABLE_CPP_RTTI = YES;
				PRODUCT_NAME = "$(TARGET_NAME)";
				SKIP_INSTALL = YES;
			};
			name = Debug;
		};
		2D0C832B2517F45900EB76AD /* Release */ = {
			isa = XCBuildConfiguration;
			buildSettings = {
				CODE_SIGN_STYLE = Automatic;
				DEVELOPMENT_TEAM = 68TMSR28JT;
				EXECUTABLE_PREFIX = lib;
				GCC_ENABLE_CPP_EXCEPTIONS = YES;
				GCC_ENABLE_CPP_RTTI = YES;
				PRODUCT_NAME = "$(TARGET_NAME)";
				SKIP_INSTALL = YES;
			};
			name = Release;
		};
/* End XCBuildConfiguration section */

/* Begin XCConfigurationList section */
		2D0C82A02517E8D700EB76AD /* Build configuration list for PBXProject "DaltonViewer" */ = {
			isa = XCConfigurationList;
			buildConfigurations = (
				2D0C82B42517E8D800EB76AD /* Debug */,
				2D0C82B52517E8D800EB76AD /* Release */,
			);
			defaultConfigurationIsVisible = 0;
			defaultConfigurationName = Release;
		};
		2D0C82B62517E8D800EB76AD /* Build configuration list for PBXNativeTarget "DaltonViewer" */ = {
			isa = XCConfigurationList;
			buildConfigurations = (
				2D0C82B72517E8D800EB76AD /* Debug */,
				2D0C82B82517E8D800EB76AD /* Release */,
			);
			defaultConfigurationIsVisible = 0;
			defaultConfigurationName = Release;
		};
		2D0C83292517F45900EB76AD /* Build configuration list for PBXNativeTarget "DaltonViewerLib" */ = {
			isa = XCConfigurationList;
			buildConfigurations = (
				2D0C832A2517F45900EB76AD /* Debug */,
				2D0C832B2517F45900EB76AD /* Release */,
			);
			defaultConfigurationIsVisible = 0;
			defaultConfigurationName = Release;
		};
/* End XCConfigurationList section */
	};
	rootObject = 2D0C829D2517E8D700EB76AD /* Project object */;
}
